
Microsoft Visual Studio Solution File, Format Version 12.00
# Visual Studio Version 17
VisualStudioVersion = 17.14.36119.2 d17.14
MinimumVisualStudioVersion = 10.0.40219.1
Project("{FAE04EC0-301F-11D3-BF4B-00C04F79EFBC}") = "FabricaRestaurants", "FabricaRestaurants\FabricaRestaurants.csproj", "{695DDD61-7420-41D7-97C6-0FA30637F899}"
EndProject
Global
	GlobalSection(SolutionConfigurationPlatforms) = preSolution
		Debug|Any CPU = Debug|Any CPU
		Release|Any CPU = Release|Any CPU
	EndGlobalSection
	GlobalSection(ProjectConfigurationPlatforms) = postSolution
		{695DDD61-7420-41D7-97C6-0FA30637F899}.Debug|Any CPU.ActiveCfg = Debug|Any CPU
		{695DDD61-7420-41D7-97C6-0FA30637F899}.Debug|Any CPU.Build.0 = Debug|Any CPU
		{695DDD61-7420-41D7-97C6-0FA30637F899}.Release|Any CPU.ActiveCfg = Release|Any CPU
		{695DDD61-7420-41D7-97C6-0FA30637F899}.Release|Any CPU.Build.0 = Release|Any CPU
	EndGlobalSection
	GlobalSection(SolutionProperties) = preSolution
		HideSolutionNode = FALSE
	EndGlobalSection
	GlobalSection(ExtensibilityGlobals) = postSolution
		SolutionGuid = {533698D3-4964-4CA6-9292-15AA0DB9CE73}
	EndGlobalSection
EndGlobal
